// !$*UTF8*$!
{
	archiveVersion = 1;
	classes = {
	};
	objectVersion = 50;
	objects = {

/* Begin PBXBuildFile section */
		E2A265882618E69B003E7815 /* Game.swift in Sources */ = {isa = PBXBuildFile; fileRef = E2A265872618E69B003E7815 /* Game.swift */; };
		E2D499532621772A00F467BC /* PointsView.swift in Sources */ = {isa = PBXBuildFile; fileRef = E2D499522621772A00F467BC /* PointsView.swift */; };
		E2DF5C35262987E4003A734C /* Constants.swift in Sources */ = {isa = PBXBuildFile; fileRef = E2DF5C34262987E4003A734C /* Constants.swift */; };
		E2DF5C3D26298D80003A734C /* LeaderboardView.swift in Sources */ = {isa = PBXBuildFile; fileRef = E2DF5C3C26298D80003A734C /* LeaderboardView.swift */; };
		E2E2DEE926178E7B00272B0C /* BullseyeApp.swift in Sources */ = {isa = PBXBuildFile; fileRef = E2E2DEE826178E7B00272B0C /* BullseyeApp.swift */; };
		E2E2DEEB26178E7B00272B0C /* ContentView.swift in Sources */ = {isa = PBXBuildFile; fileRef = E2E2DEEA26178E7B00272B0C /* ContentView.swift */; };
		E2E2DEED26178E7C00272B0C /* Assets.xcassets in Resources */ = {isa = PBXBuildFile; fileRef = E2E2DEEC26178E7C00272B0C /* Assets.xcassets */; };
		E2E2DEF026178E7C00272B0C /* Preview Assets.xcassets in Resources */ = {isa = PBXBuildFile; fileRef = E2E2DEEF26178E7C00272B0C /* Preview Assets.xcassets */; };
		E2E2DEFB26178E7D00272B0C /* BullseyeTests.swift in Sources */ = {isa = PBXBuildFile; fileRef = E2E2DEFA26178E7D00272B0C /* BullseyeTests.swift */; };
		E2E2DF0626178E7D00272B0C /* BullseyeUITests.swift in Sources */ = {isa = PBXBuildFile; fileRef = E2E2DF0526178E7D00272B0C /* BullseyeUITests.swift */; };
		E2F0F479261D70BA00116065 /* RoundedViews.swift in Sources */ = {isa = PBXBuildFile; fileRef = E2F0F478261D70BA00116065 /* RoundedViews.swift */; };
		E2F0F47E261D75D200116065 /* BackgroundView.swift in Sources */ = {isa = PBXBuildFile; fileRef = E2F0F47D261D75D200116065 /* BackgroundView.swift */; };
		E2F698FB261B89C400E180AA /* TextViews.swift in Sources */ = {isa = PBXBuildFile; fileRef = E2F698FA261B89C400E180AA /* TextViews.swift */; };
		E2F69900261B953F00E180AA /* Shapes.swift in Sources */ = {isa = PBXBuildFile; fileRef = E2F698FF261B953F00E180AA /* Shapes.swift */; };
/* End PBXBuildFile section */

/* Begin PBXContainerItemProxy section */
		E2E2DEF726178E7D00272B0C /* PBXContainerItemProxy */ = {
			isa = PBXContainerItemProxy;
			containerPortal = E2E2DEDD26178E7B00272B0C /* Project object */;
			proxyType = 1;
			remoteGlobalIDString = E2E2DEE426178E7B00272B0C;
			remoteInfo = Bullseye;
		};
		E2E2DF0226178E7D00272B0C /* PBXContainerItemProxy */ = {
			isa = PBXContainerItemProxy;
			containerPortal = E2E2DEDD26178E7B00272B0C /* Project object */;
			proxyType = 1;
			remoteGlobalIDString = E2E2DEE426178E7B00272B0C;
			remoteInfo = Bullseye;
		};
/* End PBXContainerItemProxy section */

/* Begin PBXFileReference section */
		E2A265872618E69B003E7815 /* Game.swift */ = {isa = PBXFileReference; lastKnownFileType = sourcecode.swift; path = Game.swift; sourceTree = "<group>"; };
		E2D499522621772A00F467BC /* PointsView.swift */ = {isa = PBXFileReference; lastKnownFileType = sourcecode.swift; path = PointsView.swift; sourceTree = "<group>"; };
		E2DF5C34262987E4003A734C /* Constants.swift */ = {isa = PBXFileReference; lastKnownFileType = sourcecode.swift; path = Constants.swift; sourceTree = "<group>"; };
		E2DF5C3C26298D80003A734C /* LeaderboardView.swift */ = {isa = PBXFileReference; lastKnownFileType = sourcecode.swift; path = LeaderboardView.swift; sourceTree = "<group>"; };
		E2E2DEE526178E7B00272B0C /* Bullseye.app */ = {isa = PBXFileReference; explicitFileType = wrapper.application; includeInIndex = 0; path = Bullseye.app; sourceTree = BUILT_PRODUCTS_DIR; };
		E2E2DEE826178E7B00272B0C /* BullseyeApp.swift */ = {isa = PBXFileReference; lastKnownFileType = sourcecode.swift; path = BullseyeApp.swift; sourceTree = "<group>"; };
		E2E2DEEA26178E7B00272B0C /* ContentView.swift */ = {isa = PBXFileReference; lastKnownFileType = sourcecode.swift; path = ContentView.swift; sourceTree = "<group>"; };
		E2E2DEEC26178E7C00272B0C /* Assets.xcassets */ = {isa = PBXFileReference; lastKnownFileType = folder.assetcatalog; path = Assets.xcassets; sourceTree = "<group>"; };
		E2E2DEEF26178E7C00272B0C /* Preview Assets.xcassets */ = {isa = PBXFileReference; lastKnownFileType = folder.assetcatalog; path = "Preview Assets.xcassets"; sourceTree = "<group>"; };
		E2E2DEF126178E7C00272B0C /* Info.plist */ = {isa = PBXFileReference; lastKnownFileType = text.plist.xml; path = Info.plist; sourceTree = "<group>"; };
		E2E2DEF626178E7D00272B0C /* BullseyeTests.xctest */ = {isa = PBXFileReference; explicitFileType = wrapper.cfbundle; includeInIndex = 0; path = BullseyeTests.xctest; sourceTree = BUILT_PRODUCTS_DIR; };
		E2E2DEFA26178E7D00272B0C /* BullseyeTests.swift */ = {isa = PBXFileReference; lastKnownFileType = sourcecode.swift; path = BullseyeTests.swift; sourceTree = "<group>"; };
		E2E2DEFC26178E7D00272B0C /* Info.plist */ = {isa = PBXFileReference; lastKnownFileType = text.plist.xml; path = Info.plist; sourceTree = "<group>"; };
		E2E2DF0126178E7D00272B0C /* BullseyeUITests.xctest */ = {isa = PBXFileReference; explicitFileType = wrapper.cfbundle; includeInIndex = 0; path = BullseyeUITests.xctest; sourceTree = BUILT_PRODUCTS_DIR; };
		E2E2DF0526178E7D00272B0C /* BullseyeUITests.swift */ = {isa = PBXFileReference; lastKnownFileType = sourcecode.swift; path = BullseyeUITests.swift; sourceTree = "<group>"; };
		E2E2DF0726178E7D00272B0C /* Info.plist */ = {isa = PBXFileReference; lastKnownFileType = text.plist.xml; path = Info.plist; sourceTree = "<group>"; };
		E2F0F478261D70BA00116065 /* RoundedViews.swift */ = {isa = PBXFileReference; lastKnownFileType = sourcecode.swift; path = RoundedViews.swift; sourceTree = "<group>"; };
		E2F0F47D261D75D200116065 /* BackgroundView.swift */ = {isa = PBXFileReference; lastKnownFileType = sourcecode.swift; path = BackgroundView.swift; sourceTree = "<group>"; };
		E2F698FA261B89C400E180AA /* TextViews.swift */ = {isa = PBXFileReference; lastKnownFileType = sourcecode.swift; path = TextViews.swift; sourceTree = "<group>"; };
		E2F698FF261B953F00E180AA /* Shapes.swift */ = {isa = PBXFileReference; lastKnownFileType = sourcecode.swift; path = Shapes.swift; sourceTree = "<group>"; };
/* End PBXFileReference section */

/* Begin PBXFrameworksBuildPhase section */
		E2E2DEE226178E7B00272B0C /* Frameworks */ = {
			isa = PBXFrameworksBuildPhase;
			buildActionMask = 2147483647;
			files = (
			);
			runOnlyForDeploymentPostprocessing = 0;
		};
		E2E2DEF326178E7D00272B0C /* Frameworks */ = {
			isa = PBXFrameworksBuildPhase;
			buildActionMask = 2147483647;
			files = (
			);
			runOnlyForDeploymentPostprocessing = 0;
		};
		E2E2DEFE26178E7D00272B0C /* Frameworks */ = {
			isa = PBXFrameworksBuildPhase;
			buildActionMask = 2147483647;
			files = (
			);
			runOnlyForDeploymentPostprocessing = 0;
		};
/* End PBXFrameworksBuildPhase section */

/* Begin PBXGroup section */
		E2A265812618E5B4003E7815 /* Models */ = {
			isa = PBXGroup;
			children = (
				E2A265872618E69B003E7815 /* Game.swift */,
				E2DF5C34262987E4003A734C /* Constants.swift */,
			);
			path = Models;
			sourceTree = "<group>";
		};
		E2A265822618E5CE003E7815 /* Views */ = {
			isa = PBXGroup;
			children = (
				E2E2DEEA26178E7B00272B0C /* ContentView.swift */,
				E2F698FA261B89C400E180AA /* TextViews.swift */,
				E2F698FF261B953F00E180AA /* Shapes.swift */,
				E2F0F478261D70BA00116065 /* RoundedViews.swift */,
				E2F0F47D261D75D200116065 /* BackgroundView.swift */,
				E2D499522621772A00F467BC /* PointsView.swift */,
				E2DF5C3C26298D80003A734C /* LeaderboardView.swift */,
			);
			path = Views;
			sourceTree = "<group>";
		};
		E2A265832618E5EF003E7815 /* App */ = {
			isa = PBXGroup;
			children = (
				E2E2DEE826178E7B00272B0C /* BullseyeApp.swift */,
				E2E2DEEC26178E7C00272B0C /* Assets.xcassets */,
				E2E2DEF126178E7C00272B0C /* Info.plist */,
			);
			path = App;
			sourceTree = "<group>";
		};
		E2E2DEDC26178E7B00272B0C = {
			isa = PBXGroup;
			children = (
				E2E2DEE726178E7B00272B0C /* Bullseye */,
				E2E2DEF926178E7D00272B0C /* BullseyeTests */,
				E2E2DF0426178E7D00272B0C /* BullseyeUITests */,
				E2E2DEE626178E7B00272B0C /* Products */,
			);
			sourceTree = "<group>";
		};
		E2E2DEE626178E7B00272B0C /* Products */ = {
			isa = PBXGroup;
			children = (
				E2E2DEE526178E7B00272B0C /* Bullseye.app */,
				E2E2DEF626178E7D00272B0C /* BullseyeTests.xctest */,
				E2E2DF0126178E7D00272B0C /* BullseyeUITests.xctest */,
			);
			name = Products;
			sourceTree = "<group>";
		};
		E2E2DEE726178E7B00272B0C /* Bullseye */ = {
			isa = PBXGroup;
			children = (
				E2A265832618E5EF003E7815 /* App */,
				E2A265822618E5CE003E7815 /* Views */,
				E2A265812618E5B4003E7815 /* Models */,
				E2E2DEEE26178E7C00272B0C /* Preview Content */,
			);
			path = Bullseye;
			sourceTree = "<group>";
		};
		E2E2DEEE26178E7C00272B0C /* Preview Content */ = {
			isa = PBXGroup;
			children = (
				E2E2DEEF26178E7C00272B0C /* Preview Assets.xcassets */,
			);
			path = "Preview Content";
			sourceTree = "<group>";
		};
		E2E2DEF926178E7D00272B0C /* BullseyeTests */ = {
			isa = PBXGroup;
			children = (
				E2E2DEFA26178E7D00272B0C /* BullseyeTests.swift */,
				E2E2DEFC26178E7D00272B0C /* Info.plist */,
			);
			path = BullseyeTests;
			sourceTree = "<group>";
		};
		E2E2DF0426178E7D00272B0C /* BullseyeUITests */ = {
			isa = PBXGroup;
			children = (
				E2E2DF0526178E7D00272B0C /* BullseyeUITests.swift */,
				E2E2DF0726178E7D00272B0C /* Info.plist */,
			);
			path = BullseyeUITests;
			sourceTree = "<group>";
		};
/* End PBXGroup section */

/* Begin PBXNativeTarget section */
		E2E2DEE426178E7B00272B0C /* Bullseye */ = {
			isa = PBXNativeTarget;
			buildConfigurationList = E2E2DF0A26178E7D00272B0C /* Build configuration list for PBXNativeTarget "Bullseye" */;
			buildPhases = (
				E2E2DEE126178E7B00272B0C /* Sources */,
				E2E2DEE226178E7B00272B0C /* Frameworks */,
				E2E2DEE326178E7B00272B0C /* Resources */,
			);
			buildRules = (
			);
			dependencies = (
			);
			name = Bullseye;
			productName = Bullseye;
			productReference = E2E2DEE526178E7B00272B0C /* Bullseye.app */;
			productType = "com.apple.product-type.application";
		};
		E2E2DEF526178E7D00272B0C /* BullseyeTests */ = {
			isa = PBXNativeTarget;
			buildConfigurationList = E2E2DF0D26178E7D00272B0C /* Build configuration list for PBXNativeTarget "BullseyeTests" */;
			buildPhases = (
				E2E2DEF226178E7D00272B0C /* Sources */,
				E2E2DEF326178E7D00272B0C /* Frameworks */,
				E2E2DEF426178E7D00272B0C /* Resources */,
			);
			buildRules = (
			);
			dependencies = (
				E2E2DEF826178E7D00272B0C /* PBXTargetDependency */,
			);
			name = BullseyeTests;
			productName = BullseyeTests;
			productReference = E2E2DEF626178E7D00272B0C /* BullseyeTests.xctest */;
			productType = "com.apple.product-type.bundle.unit-test";
		};
		E2E2DF0026178E7D00272B0C /* BullseyeUITests */ = {
			isa = PBXNativeTarget;
			buildConfigurationList = E2E2DF1026178E7D00272B0C /* Build configuration list for PBXNativeTarget "BullseyeUITests" */;
			buildPhases = (
				E2E2DEFD26178E7D00272B0C /* Sources */,
				E2E2DEFE26178E7D00272B0C /* Frameworks */,
				E2E2DEFF26178E7D00272B0C /* Resources */,
			);
			buildRules = (
			);
			dependencies = (
				E2E2DF0326178E7D00272B0C /* PBXTargetDependency */,
			);
			name = BullseyeUITests;
			productName = BullseyeUITests;
			productReference = E2E2DF0126178E7D00272B0C /* BullseyeUITests.xctest */;
			productType = "com.apple.product-type.bundle.ui-testing";
		};
/* End PBXNativeTarget section */

/* Begin PBXProject section */
		E2E2DEDD26178E7B00272B0C /* Project object */ = {
			isa = PBXProject;
			attributes = {
				LastSwiftUpdateCheck = 1230;
				LastUpgradeCheck = 1230;
				TargetAttributes = {
					E2E2DEE426178E7B00272B0C = {
						CreatedOnToolsVersion = 12.3;
					};
					E2E2DEF526178E7D00272B0C = {
						CreatedOnToolsVersion = 12.3;
						TestTargetID = E2E2DEE426178E7B00272B0C;
					};
					E2E2DF0026178E7D00272B0C = {
						CreatedOnToolsVersion = 12.3;
						TestTargetID = E2E2DEE426178E7B00272B0C;
					};
				};
			};
			buildConfigurationList = E2E2DEE026178E7B00272B0C /* Build configuration list for PBXProject "Bullseye" */;
			compatibilityVersion = "Xcode 9.3";
			developmentRegion = en;
			hasScannedForEncodings = 0;
			knownRegions = (
				en,
				Base,
			);
			mainGroup = E2E2DEDC26178E7B00272B0C;
			productRefGroup = E2E2DEE626178E7B00272B0C /* Products */;
			projectDirPath = "";
			projectRoot = "";
			targets = (
				E2E2DEE426178E7B00272B0C /* Bullseye */,
				E2E2DEF526178E7D00272B0C /* BullseyeTests */,
				E2E2DF0026178E7D00272B0C /* BullseyeUITests */,
			);
		};
/* End PBXProject section */

/* Begin PBXResourcesBuildPhase section */
		E2E2DEE326178E7B00272B0C /* Resources */ = {
			isa = PBXResourcesBuildPhase;
			buildActionMask = 2147483647;
			files = (
				E2E2DEF026178E7C00272B0C /* Preview Assets.xcassets in Resources */,
				E2E2DEED26178E7C00272B0C /* Assets.xcassets in Resources */,
			);
			runOnlyForDeploymentPostprocessing = 0;
		};
		E2E2DEF426178E7D00272B0C /* Resources */ = {
			isa = PBXResourcesBuildPhase;
			buildActionMask = 2147483647;
			files = (
			);
			runOnlyForDeploymentPostprocessing = 0;
		};
		E2E2DEFF26178E7D00272B0C /* Resources */ = {
			isa = PBXResourcesBuildPhase;
			buildActionMask = 2147483647;
			files = (
			);
			runOnlyForDeploymentPostprocessing = 0;
		};
/* End PBXResourcesBuildPhase section */

/* Begin PBXSourcesBuildPhase section */
		E2E2DEE126178E7B00272B0C /* Sources */ = {
			isa = PBXSourcesBuildPhase;
			buildActionMask = 2147483647;
			files = (
				E2DF5C3D26298D80003A734C /* LeaderboardView.swift in Sources */,
				E2F0F479261D70BA00116065 /* RoundedViews.swift in Sources */,
				E2E2DEEB26178E7B00272B0C /* ContentView.swift in Sources */,
				E2F698FB261B89C400E180AA /* TextViews.swift in Sources */,
				E2D499532621772A00F467BC /* PointsView.swift in Sources */,
				E2F0F47E261D75D200116065 /* BackgroundView.swift in Sources */,
				E2F69900261B953F00E180AA /* Shapes.swift in Sources */,
				E2DF5C35262987E4003A734C /* Constants.swift in Sources */,
				E2A265882618E69B003E7815 /* Game.swift in Sources */,
				E2E2DEE926178E7B00272B0C /* BullseyeApp.swift in Sources */,
			);
			runOnlyForDeploymentPostprocessing = 0;
		};
		E2E2DEF226178E7D00272B0C /* Sources */ = {
			isa = PBXSourcesBuildPhase;
			buildActionMask = 2147483647;
			files = (
				E2E2DEFB26178E7D00272B0C /* BullseyeTests.swift in Sources */,
			);
			runOnlyForDeploymentPostprocessing = 0;
		};
		E2E2DEFD26178E7D00272B0C /* Sources */ = {
			isa = PBXSourcesBuildPhase;
			buildActionMask = 2147483647;
			files = (
				E2E2DF0626178E7D00272B0C /* BullseyeUITests.swift in Sources */,
			);
			runOnlyForDeploymentPostprocessing = 0;
		};
/* End PBXSourcesBuildPhase section */

/* Begin PBXTargetDependency section */
		E2E2DEF826178E7D00272B0C /* PBXTargetDependency */ = {
			isa = PBXTargetDependency;
			target = E2E2DEE426178E7B00272B0C /* Bullseye */;
			targetProxy = E2E2DEF726178E7D00272B0C /* PBXContainerItemProxy */;
		};
		E2E2DF0326178E7D00272B0C /* PBXTargetDependency */ = {
			isa = PBXTargetDependency;
			target = E2E2DEE426178E7B00272B0C /* Bullseye */;
			targetProxy = E2E2DF0226178E7D00272B0C /* PBXContainerItemProxy */;
		};
/* End PBXTargetDependency section */

/* Begin XCBuildConfiguration section */
		E2E2DF0826178E7D00272B0C /* Debug */ = {
			isa = XCBuildConfiguration;
			buildSettings = {
				ALWAYS_SEARCH_USER_PATHS = NO;
				CLANG_ANALYZER_NONNULL = YES;
				CLANG_ANALYZER_NUMBER_OBJECT_CONVERSION = YES_AGGRESSIVE;
				CLANG_CXX_LANGUAGE_STANDARD = "gnu++14";
				CLANG_CXX_LIBRARY = "libc++";
				CLANG_ENABLE_MODULES = YES;
				CLANG_ENABLE_OBJC_ARC = YES;
				CLANG_ENABLE_OBJC_WEAK = YES;
				CLANG_WARN_BLOCK_CAPTURE_AUTORELEASING = YES;
				CLANG_WARN_BOOL_CONVERSION = YES;
				CLANG_WARN_COMMA = YES;
				CLANG_WARN_CONSTANT_CONVERSION = YES;
				CLANG_WARN_DEPRECATED_OBJC_IMPLEMENTATIONS = YES;
				CLANG_WARN_DIRECT_OBJC_ISA_USAGE = YES_ERROR;
				CLANG_WARN_DOCUMENTATION_COMMENTS = YES;
				CLANG_WARN_EMPTY_BODY = YES;
				CLANG_WARN_ENUM_CONVERSION = YES;
				CLANG_WARN_INFINITE_RECURSION = YES;
				CLANG_WARN_INT_CONVERSION = YES;
				CLANG_WARN_NON_LITERAL_NULL_CONVERSION = YES;
				CLANG_WARN_OBJC_IMPLICIT_RETAIN_SELF = YES;
				CLANG_WARN_OBJC_LITERAL_CONVERSION = YES;
				CLANG_WARN_OBJC_ROOT_CLASS = YES_ERROR;
				CLANG_WARN_QUOTED_INCLUDE_IN_FRAMEWORK_HEADER = YES;
				CLANG_WARN_RANGE_LOOP_ANALYSIS = YES;
				CLANG_WARN_STRICT_PROTOTYPES = YES;
				CLANG_WARN_SUSPICIOUS_MOVE = YES;
				CLANG_WARN_UNGUARDED_AVAILABILITY = YES_AGGRESSIVE;
				CLANG_WARN_UNREACHABLE_CODE = YES;
				CLANG_WARN__DUPLICATE_METHOD_MATCH = YES;
				COPY_PHASE_STRIP = NO;
				DEBUG_INFORMATION_FORMAT = dwarf;
				ENABLE_STRICT_OBJC_MSGSEND = YES;
				ENABLE_TESTABILITY = YES;
				GCC_C_LANGUAGE_STANDARD = gnu11;
				GCC_DYNAMIC_NO_PIC = NO;
				GCC_NO_COMMON_BLOCKS = YES;
				GCC_OPTIMIZATION_LEVEL = 0;
				GCC_PREPROCESSOR_DEFINITIONS = (
					"DEBUG=1",
					"$(inherited)",
				);
				GCC_WARN_64_TO_32_BIT_CONVERSION = YES;
				GCC_WARN_ABOUT_RETURN_TYPE = YES_ERROR;
				GCC_WARN_UNDECLARED_SELECTOR = YES;
				GCC_WARN_UNINITIALIZED_AUTOS = YES_AGGRESSIVE;
				GCC_WARN_UNUSED_FUNCTION = YES;
				GCC_WARN_UNUSED_VARIABLE = YES;
				IPHONEOS_DEPLOYMENT_TARGET = 14.3;
				MTL_ENABLE_DEBUG_INFO = INCLUDE_SOURCE;
				MTL_FAST_MATH = YES;
				ONLY_ACTIVE_ARCH = YES;
				SDKROOT = iphoneos;
				SWIFT_ACTIVE_COMPILATION_CONDITIONS = DEBUG;
				SWIFT_OPTIMIZATION_LEVEL = "-Onone";
			};
			name = Debug;
		};
		E2E2DF0926178E7D00272B0C /* Release */ = {
			isa = XCBuildConfiguration;
			buildSettings = {
				ALWAYS_SEARCH_USER_PATHS = NO;
				CLANG_ANALYZER_NONNULL = YES;
				CLANG_ANALYZER_NUMBER_OBJECT_CONVERSION = YES_AGGRESSIVE;
				CLANG_CXX_LANGUAGE_STANDARD = "gnu++14";
				CLANG_CXX_LIBRARY = "libc++";
				CLANG_ENABLE_MODULES = YES;
				CLANG_ENABLE_OBJC_ARC = YES;
				CLANG_ENABLE_OBJC_WEAK = YES;
				CLANG_WARN_BLOCK_CAPTURE_AUTORELEASING = YES;
				CLANG_WARN_BOOL_CONVERSION = YES;
				CLANG_WARN_COMMA = YES;
				CLANG_WARN_CONSTANT_CONVERSION = YES;
				CLANG_WARN_DEPRECATED_OBJC_IMPLEMENTATIONS = YES;
				CLANG_WARN_DIRECT_OBJC_ISA_USAGE = YES_ERROR;
				CLANG_WARN_DOCUMENTATION_COMMENTS = YES;
				CLANG_WARN_EMPTY_BODY = YES;
				CLANG_WARN_ENUM_CONVERSION = YES;
				CLANG_WARN_INFINITE_RECURSION = YES;
				CLANG_WARN_INT_CONVERSION = YES;
				CLANG_WARN_NON_LITERAL_NULL_CONVERSION = YES;
				CLANG_WARN_OBJC_IMPLICIT_RETAIN_SELF = YES;
				CLANG_WARN_OBJC_LITERAL_CONVERSION = YES;
				CLANG_WARN_OBJC_ROOT_CLASS = YES_ERROR;
				CLANG_WARN_QUOTED_INCLUDE_IN_FRAMEWORK_HEADER = YES;
				CLANG_WARN_RANGE_LOOP_ANALYSIS = YES;
				CLANG_WARN_STRICT_PROTOTYPES = YES;
				CLANG_WARN_SUSPICIOUS_MOVE = YES;
				CLANG_WARN_UNGUARDED_AVAILABILITY = YES_AGGRESSIVE;
				CLANG_WARN_UNREACHABLE_CODE = YES;
				CLANG_WARN__DUPLICATE_METHOD_MATCH = YES;
				COPY_PHASE_STRIP = NO;
				DEBUG_INFORMATION_FORMAT = "dwarf-with-dsym";
				ENABLE_NS_ASSERTIONS = NO;
				ENABLE_STRICT_OBJC_MSGSEND = YES;
				GCC_C_LANGUAGE_STANDARD = gnu11;
				GCC_NO_COMMON_BLOCKS = YES;
				GCC_WARN_64_TO_32_BIT_CONVERSION = YES;
				GCC_WARN_ABOUT_RETURN_TYPE = YES_ERROR;
				GCC_WARN_UNDECLARED_SELECTOR = YES;
				GCC_WARN_UNINITIALIZED_AUTOS = YES_AGGRESSIVE;
				GCC_WARN_UNUSED_FUNCTION = YES;
				GCC_WARN_UNUSED_VARIABLE = YES;
				IPHONEOS_DEPLOYMENT_TARGET = 14.3;
				MTL_ENABLE_DEBUG_INFO = NO;
				MTL_FAST_MATH = YES;
				SDKROOT = iphoneos;
				SWIFT_COMPILATION_MODE = wholemodule;
				SWIFT_OPTIMIZATION_LEVEL = "-O";
				VALIDATE_PRODUCT = YES;
			};
			name = Release;
		};
		E2E2DF0B26178E7D00272B0C /* Debug */ = {
			isa = XCBuildConfiguration;
			buildSettings = {
				ASSETCATALOG_COMPILER_APPICON_NAME = AppIcon;
				ASSETCATALOG_COMPILER_GLOBAL_ACCENT_COLOR_NAME = AccentColor;
				CODE_SIGN_STYLE = Automatic;
				DEVELOPMENT_ASSET_PATHS = "\"Bullseye/Preview Content\"";
				DEVELOPMENT_TEAM = H4Y578BF9B;
				ENABLE_PREVIEWS = YES;
				INFOPLIST_FILE = Bullseye/App/Info.plist;
				IPHONEOS_DEPLOYMENT_TARGET = 14.0;
				LD_RUNPATH_SEARCH_PATHS = (
					"$(inherited)",
					"@executable_path/Frameworks",
				);
				PRODUCT_BUNDLE_IDENTIFIER = co.eware.Bullseye;
				PRODUCT_NAME = "$(TARGET_NAME)";
				SWIFT_VERSION = 5.0;
				TARGETED_DEVICE_FAMILY = "1,2";
			};
			name = Debug;
		};
		E2E2DF0C26178E7D00272B0C /* Release */ = {
			isa = XCBuildConfiguration;
			buildSettings = {
				ASSETCATALOG_COMPILER_APPICON_NAME = AppIcon;
				ASSETCATALOG_COMPILER_GLOBAL_ACCENT_COLOR_NAME = AccentColor;
				CODE_SIGN_STYLE = Automatic;
				DEVELOPMENT_ASSET_PATHS = "\"Bullseye/Preview Content\"";
				DEVELOPMENT_TEAM = H4Y578BF9B;
				ENABLE_PREVIEWS = YES;
				INFOPLIST_FILE = Bullseye/App/Info.plist;
				IPHONEOS_DEPLOYMENT_TARGET = 14.0;
				LD_RUNPATH_SEARCH_PATHS = (
					"$(inherited)",
					"@executable_path/Frameworks",
				);
				PRODUCT_BUNDLE_IDENTIFIER = co.eware.Bullseye;
				PRODUCT_NAME = "$(TARGET_NAME)";
				SWIFT_VERSION = 5.0;
				TARGETED_DEVICE_FAMILY = "1,2";
			};
			name = Release;
		};
		E2E2DF0E26178E7D00272B0C /* Debug */ = {
			isa = XCBuildConfiguration;
			buildSettings = {
				ALWAYS_EMBED_SWIFT_STANDARD_LIBRARIES = YES;
				BUNDLE_LOADER = "$(TEST_HOST)";
				CODE_SIGN_STYLE = Automatic;
				DEVELOPMENT_TEAM = H4Y578BF9B;
				INFOPLIST_FILE = BullseyeTests/Info.plist;
				IPHONEOS_DEPLOYMENT_TARGET = 14.0;
				LD_RUNPATH_SEARCH_PATHS = (
					"$(inherited)",
					"@executable_path/Frameworks",
					"@loader_path/Frameworks",
				);
				PRODUCT_BUNDLE_IDENTIFIER = co.eware.BullseyeTests;
				PRODUCT_NAME = "$(TARGET_NAME)";
				SWIFT_VERSION = 5.0;
				TARGETED_DEVICE_FAMILY = "1,2";
				TEST_HOST = "$(BUILT_PRODUCTS_DIR)/Bullseye.app/Bullseye";
			};
			name = Debug;
		};
		E2E2DF0F26178E7D00272B0C /* Release */ = {
			isa = XCBuildConfiguration;
			buildSettings = {
				ALWAYS_EMBED_SWIFT_STANDARD_LIBRARIES = YES;
				BUNDLE_LOADER = "$(TEST_HOST)";
				CODE_SIGN_STYLE = Automatic;
				DEVELOPMENT_TEAM = H4Y578BF9B;
				INFOPLIST_FILE = BullseyeTests/Info.plist;
				IPHONEOS_DEPLOYMENT_TARGET = 14.0;
				LD_RUNPATH_SEARCH_PATHS = (
					"$(inherited)",
					"@executable_path/Frameworks",
					"@loader_path/Frameworks",
				);
				PRODUCT_BUNDLE_IDENTIFIER = co.eware.BullseyeTests;
				PRODUCT_NAME = "$(TARGET_NAME)";
				SWIFT_VERSION = 5.0;
				TARGETED_DEVICE_FAMILY = "1,2";
				TEST_HOST = "$(BUILT_PRODUCTS_DIR)/Bullseye.app/Bullseye";
			};
			name = Release;
		};
		E2E2DF1126178E7D00272B0C /* Debug */ = {
			isa = XCBuildConfiguration;
			buildSettings = {
				ALWAYS_EMBED_SWIFT_STANDARD_LIBRARIES = YES;
				CODE_SIGN_STYLE = Automatic;
				DEVELOPMENT_TEAM = H4Y578BF9B;
				INFOPLIST_FILE = BullseyeUITests/Info.plist;
				LD_RUNPATH_SEARCH_PATHS = (
					"$(inherited)",
					"@executable_path/Frameworks",
					"@loader_path/Frameworks",
				);
				PRODUCT_BUNDLE_IDENTIFIER = co.eware.BullseyeUITests;
				PRODUCT_NAME = "$(TARGET_NAME)";
				SWIFT_VERSION = 5.0;
				TARGETED_DEVICE_FAMILY = "1,2";
				TEST_TARGET_NAME = Bullseye;
			};
			name = Debug;
		};
		E2E2DF1226178E7D00272B0C /* Release */ = {
			isa = XCBuildConfiguration;
			buildSettings = {
				ALWAYS_EMBED_SWIFT_STANDARD_LIBRARIES = YES;
				CODE_SIGN_STYLE = Automatic;
				DEVELOPMENT_TEAM = H4Y578BF9B;
				INFOPLIST_FILE = BullseyeUITests/Info.plist;
				LD_RUNPATH_SEARCH_PATHS = (
					"$(inherited)",
					"@executable_path/Frameworks",
					"@loader_path/Frameworks",
				);
				PRODUCT_BUNDLE_IDENTIFIER = co.eware.BullseyeUITests;
				PRODUCT_NAME = "$(TARGET_NAME)";
				SWIFT_VERSION = 5.0;
				TARGETED_DEVICE_FAMILY = "1,2";
				TEST_TARGET_NAME = Bullseye;
			};
			name = Release;
		};
/* End XCBuildConfiguration section */

/* Begin XCConfigurationList section */
		E2E2DEE026178E7B00272B0C /* Build configuration list for PBXProject "Bullseye" */ = {
			isa = XCConfigurationList;
			buildConfigurations = (
				E2E2DF0826178E7D00272B0C /* Debug */,
				E2E2DF0926178E7D00272B0C /* Release */,
			);
			defaultConfigurationIsVisible = 0;
			defaultConfigurationName = Release;
		};
		E2E2DF0A26178E7D00272B0C /* Build configuration list for PBXNativeTarget "Bullseye" */ = {
			isa = XCConfigurationList;
			buildConfigurations = (
				E2E2DF0B26178E7D00272B0C /* Debug */,
				E2E2DF0C26178E7D00272B0C /* Release */,
			);
			defaultConfigurationIsVisible = 0;
			defaultConfigurationName = Release;
		};
		E2E2DF0D26178E7D00272B0C /* Build configuration list for PBXNativeTarget "BullseyeTests" */ = {
			isa = XCConfigurationList;
			buildConfigurations = (
				E2E2DF0E26178E7D00272B0C /* Debug */,
				E2E2DF0F26178E7D00272B0C /* Release */,
			);
			defaultConfigurationIsVisible = 0;
			defaultConfigurationName = Release;
		};
		E2E2DF1026178E7D00272B0C /* Build configuration list for PBXNativeTarget "BullseyeUITests" */ = {
			isa = XCConfigurationList;
			buildConfigurations = (
				E2E2DF1126178E7D00272B0C /* Debug */,
				E2E2DF1226178E7D00272B0C /* Release */,
			);
			defaultConfigurationIsVisible = 0;
			defaultConfigurationName = Release;
		};
/* End XCConfigurationList section */
	};
	rootObject = E2E2DEDD26178E7B00272B0C /* Project object */;
}
